<?xml version="1.0" encoding="UTF-8"?>
<Scheme LastUpgradeVersion="1520" version="1.7">
  <BuildAction parallelizeBuildables="YES" buildImplicitDependencies="YES">
    <BuildActionEntries>
      <BuildActionEntry buildForTesting="YES" buildForRunning="YES" buildForProfiling="YES" buildForArchiving="YES" buildForAnalyzing="YES">
        <BuildableReference BuildableIdentifier="primary" BlueprintIdentifier="A40B503899F833405C1C1900" BuildableName="SmokeHost-iOS.app" BlueprintName="SmokeHost-iOS" ReferencedContainer="container:Source.xcodeproj" />
      </BuildActionEntry>
      <BuildActionEntry buildForTesting="YES" buildForRunning="YES" buildForProfiling="YES" buildForArchiving="YES" buildForAnalyzing="YES">
        <BuildableReference BuildableIdentifier="primary" BlueprintIdentifier="8AD49022A13DBC26226ED2DA" BuildableName="ConsumerTests-iOS.xctest" BlueprintName="ConsumerTests-iOS" ReferencedContainer="container:Source.xcodeproj" />
      </BuildActionEntry>
    </BuildActionEntries>
  </BuildAction>
  <TestAction buildConfiguration="Debug" selectedDebuggerIdentifier="Xcode.DebuggerFoundation.Debugger.LLDB" selectedLauncherIdentifier="Xcode.IDEFoundation.Launcher.LLDB" shouldUseLaunchSchemeArgsEnv="YES" codeCoverageEnabled="YES">
    <MacroExpansion>
      <BuildableReference BuildableIdentifier="primary" BlueprintIdentifier="A40B503899F833405C1C1900" BuildableName="SmokeHost-iOS.app" BlueprintName="SmokeHost-iOS" ReferencedContainer="container:Source.xcodeproj" />
    </MacroExpansion>
    <Testables>
      <TestableReference skipped="NO">
        <BuildableReference BuildableIdentifier="primary" BlueprintIdentifier="8AD49022A13DBC26226ED2DA" BuildableName="ConsumerTests-iOS.xctest" BlueprintName="ConsumerTests-iOS" ReferencedContainer="container:Source.xcodeproj" />
      </TestableReference>
    </Testables>
  </TestAction>
  <LaunchAction buildConfiguration="Debug" selectedDebuggerIdentifier="Xcode.DebuggerFoundation.Debugger.LLDB" selectedLauncherIdentifier="Xcode.IDEFoundation.Launcher.LLDB" launchStyle="0" useCustomWorkingDirectory="NO" ignoresPersistentStateOnLaunch="NO" debugDocumentVersioning="YES" debugServiceExtension="internal" allowLocationSimulation="YES">
    <BuildableProductRunnable runnableDebuggingMode="0">
      <BuildableReference BuildableIdentifier="primary" BlueprintIdentifier="A40B503899F833405C1C1900" BuildableName="SmokeHost-iOS.app" BlueprintName="SmokeHost-iOS" ReferencedContainer="container:Source.xcodeproj" />
    </BuildableProductRunnable>
  </LaunchAction>
  <ProfileAction buildConfiguration="Release" shouldUseLaunchSchemeArgsEnv="YES" savedToolIdentifier="" useCustomWorkingDirectory="NO" debugDocumentVersioning="YES" />
  <AnalyzeAction buildConfiguration="Debug" />
  <ArchiveAction buildConfiguration="Release" revealArchiveInOrganizer="YES" />
</Scheme>
